
Microsoft Visual Studio Solution File, Format Version 12.00
# Visual Studio Version 17
VisualStudioVersion = 17.11.35312.102
MinimumVisualStudioVersion = 10.0.40219.1
Project("{FAE04EC0-301F-11D3-BF4B-00C04F79EFBC}") = "semana8practica", "semana8practica\semana8practica.csproj", "{9200BFAB-6D11-439F-A326-1C23D8944A32}"
EndProject
Global
	GlobalSection(SolutionConfigurationPlatforms) = preSolution
		Debug|Any CPU = Debug|Any CPU
		Release|Any CPU = Release|Any CPU
	EndGlobalSection
	GlobalSection(ProjectConfigurationPlatforms) = postSolution
		{9200BFAB-6D11-439F-A326-1C23D8944A32}.Debug|Any CPU.ActiveCfg = Debug|Any CPU
		{9200BFAB-6D11-439F-A326-1C23D8944A32}.Debug|Any CPU.Build.0 = Debug|Any CPU
		{9200BFAB-6D11-439F-A326-1C23D8944A32}.Release|Any CPU.ActiveCfg = Release|Any CPU
		{9200BFAB-6D11-439F-A326-1C23D8944A32}.Release|Any CPU.Build.0 = Release|Any CPU
	EndGlobalSection
	GlobalSection(SolutionProperties) = preSolution
		HideSolutionNode = FALSE
	EndGlobalSection
	GlobalSection(ExtensibilityGlobals) = postSolution
		SolutionGuid = {ACD1E1F2-ABDF-40DB-A4A8-932813F375E6}
	EndGlobalSection
EndGlobal
